
Microsoft Visual Studio Solution File, Format Version 12.00
# Visual Studio Version 16
VisualStudioVersion = 16.0.30309.148
MinimumVisualStudioVersion = 10.0.40219.1
Project("{FAE04EC0-301F-11D3-BF4B-00C04F79EFBC}") = "BloodyUnitTests", "BloodyUnitTests\BloodyUnitTests.csproj", "{802BF306-07E6-41EB-9F9B-EE339AF82A81}"
EndProject
Project("{9A19103F-16F7-4668-BE54-9A1E7A4F7556}") = "BloodyUnitTests.Tests", "BloodyUnitTests.Tests\BloodyUnitTests.Tests.csproj", "{71790037-57E3-4D70-92D5-B638C8D5A50B}"
EndProject
Project("{FAE04EC0-301F-11D3-BF4B-00C04F79EFBC}") = "BloodyUnitTests.Engine", "BloodyUnitTests.Engine\BloodyUnitTests.Engine.csproj", "{E2C860E3-975F-4ED1-B4AD-96E1BF0D824C}"
EndProject
Project("{FAE04EC0-301F-11D3-BF4B-00C04F79EFBC}") = "BloodyUnitTests.Ui", "BloodyUnitTests.Ui\BloodyUnitTests.Ui.csproj", "{53F3107D-43C6-4BB9-8984-A5F1FAE1F7B3}"
EndProject
Global
	GlobalSection(SolutionConfigurationPlatforms) = preSolution
		Debug|Any CPU = Debug|Any CPU
		Release|Any CPU = Release|Any CPU
	EndGlobalSection
	GlobalSection(ProjectConfigurationPlatforms) = postSolution
		{802BF306-07E6-41EB-9F9B-EE339AF82A81}.Debug|Any CPU.ActiveCfg = Debug|Any CPU
		{802BF306-07E6-41EB-9F9B-EE339AF82A81}.Debug|Any CPU.Build.0 = Debug|Any CPU
		{802BF306-07E6-41EB-9F9B-EE339AF82A81}.Release|Any CPU.ActiveCfg = Release|Any CPU
		{802BF306-07E6-41EB-9F9B-EE339AF82A81}.Release|Any CPU.Build.0 = Release|Any CPU
		{71790037-57E3-4D70-92D5-B638C8D5A50B}.Debug|Any CPU.ActiveCfg = Debug|Any CPU
		{71790037-57E3-4D70-92D5-B638C8D5A50B}.Debug|Any CPU.Build.0 = Debug|Any CPU
		{71790037-57E3-4D70-92D5-B638C8D5A50B}.Release|Any CPU.ActiveCfg = Release|Any CPU
		{71790037-57E3-4D70-92D5-B638C8D5A50B}.Release|Any CPU.Build.0 = Release|Any CPU
		{E2C860E3-975F-4ED1-B4AD-96E1BF0D824C}.Debug|Any CPU.ActiveCfg = Debug|Any CPU
		{E2C860E3-975F-4ED1-B4AD-96E1BF0D824C}.Debug|Any CPU.Build.0 = Debug|Any CPU
		{E2C860E3-975F-4ED1-B4AD-96E1BF0D824C}.Release|Any CPU.ActiveCfg = Release|Any CPU
		{E2C860E3-975F-4ED1-B4AD-96E1BF0D824C}.Release|Any CPU.Build.0 = Release|Any CPU
		{53F3107D-43C6-4BB9-8984-A5F1FAE1F7B3}.Debug|Any CPU.ActiveCfg = Debug|Any CPU
		{53F3107D-43C6-4BB9-8984-A5F1FAE1F7B3}.Debug|Any CPU.Build.0 = Debug|Any CPU
		{53F3107D-43C6-4BB9-8984-A5F1FAE1F7B3}.Release|Any CPU.ActiveCfg = Release|Any CPU
		{53F3107D-43C6-4BB9-8984-A5F1FAE1F7B3}.Release|Any CPU.Build.0 = Release|Any CPU
	EndGlobalSection
	GlobalSection(SolutionProperties) = preSolution
		HideSolutionNode = FALSE
	EndGlobalSection
	GlobalSection(ExtensibilityGlobals) = postSolution
		SolutionGuid = {39FE71F6-3EB0-4C6A-A809-A39A97537843}
	EndGlobalSection
EndGlobal
